// !$*UTF8*$!
{
	archiveVersion = 1;
	classes = {
	};
	objectVersion = 55;
	objects = {

/* Begin PBXBuildFile section */
		666AD443C8C9BF124518E9CF /* Pods_TODO.framework in Frameworks */ = {isa = PBXBuildFile; fileRef = 10FF42DE903698D1BFEF0091 /* Pods_TODO.framework */; };
		EB2E4ECC2865FD6F00DCF02E /* Home.storyboard in Resources */ = {isa = PBXBuildFile; fileRef = EB2E4ECB2865FD6F00DCF02E /* Home.storyboard */; };
		EB2E4ECE2865FEC100DCF02E /* HomeViewController.swift in Sources */ = {isa = PBXBuildFile; fileRef = EB2E4ECD2865FEC100DCF02E /* HomeViewController.swift */; };
		EB2E4ED02866209B00DCF02E /* AddViewController.swift in Sources */ = {isa = PBXBuildFile; fileRef = EB2E4ECF2866209B00DCF02E /* AddViewController.swift */; };
		EB4A7B2A28649C2200E0DE43 /* SigninViewController.swift in Sources */ = {isa = PBXBuildFile; fileRef = EB4A7B2928649C2200E0DE43 /* SigninViewController.swift */; };
		EB5468362871C91E0022A99F /* LoginRequest.swift in Sources */ = {isa = PBXBuildFile; fileRef = EB5468352871C91E0022A99F /* LoginRequest.swift */; };
		EB5468382871C9360022A99F /* LoginResponse.swift in Sources */ = {isa = PBXBuildFile; fileRef = EB5468372871C9360022A99F /* LoginResponse.swift */; };
		EB87C7B12879CF3200DFC1A2 /* AddTodoRequest.swift in Sources */ = {isa = PBXBuildFile; fileRef = EB87C7B02879CF3100DFC1A2 /* AddTodoRequest.swift */; };
		EB87C7B32879CF4800DFC1A2 /* AddTodoResponse.swift in Sources */ = {isa = PBXBuildFile; fileRef = EB87C7B22879CF4800DFC1A2 /* AddTodoResponse.swift */; };
		EB87C7B52879CF8F00DFC1A2 /* TodoListRequest.swift in Sources */ = {isa = PBXBuildFile; fileRef = EB87C7B42879CF8F00DFC1A2 /* TodoListRequest.swift */; };
		EB87C7B72879CFA200DFC1A2 /* TodoListResponse.swift in Sources */ = {isa = PBXBuildFile; fileRef = EB87C7B62879CFA200DFC1A2 /* TodoListResponse.swift */; };
		EB87C7B92879CFC400DFC1A2 /* DeleteTodoRequest.swift in Sources */ = {isa = PBXBuildFile; fileRef = EB87C7B82879CFC400DFC1A2 /* DeleteTodoRequest.swift */; };
		EB87C7BB2879CFD400DFC1A2 /* DeleteTodoResponse.swift in Sources */ = {isa = PBXBuildFile; fileRef = EB87C7BA2879CFD400DFC1A2 /* DeleteTodoResponse.swift */; };
		EBA03E1D2861968D00564472 /* AppDelegate.swift in Sources */ = {isa = PBXBuildFile; fileRef = EBA03E1C2861968D00564472 /* AppDelegate.swift */; };
		EBA03E1F2861968D00564472 /* SceneDelegate.swift in Sources */ = {isa = PBXBuildFile; fileRef = EBA03E1E2861968D00564472 /* SceneDelegate.swift */; };
		EBA03E212861968D00564472 /* LoginViewController.swift in Sources */ = {isa = PBXBuildFile; fileRef = EBA03E202861968D00564472 /* LoginViewController.swift */; };
		EBA03E242861968D00564472 /* Main.storyboard in Resources */ = {isa = PBXBuildFile; fileRef = EBA03E222861968D00564472 /* Main.storyboard */; };
		EBA03E262861969100564472 /* Assets.xcassets in Resources */ = {isa = PBXBuildFile; fileRef = EBA03E252861969100564472 /* Assets.xcassets */; };
		EBA03E292861969100564472 /* LaunchScreen.storyboard in Resources */ = {isa = PBXBuildFile; fileRef = EBA03E272861969100564472 /* LaunchScreen.storyboard */; };
		EBA03E342861ADE900564472 /* roboto in Resources */ = {isa = PBXBuildFile; fileRef = EBA03E332861ADE900564472 /* roboto */; };
		EBA1BA722868894E008A4927 /* DetailViewController.swift in Sources */ = {isa = PBXBuildFile; fileRef = EBA1BA712868894E008A4927 /* DetailViewController.swift */; };
		EBA53D89286CB2F700F8165E /* TodoTableViewCell.xib in Resources */ = {isa = PBXBuildFile; fileRef = EBA53D88286CB2F700F8165E /* TodoTableViewCell.xib */; };
		EBA53D8B286CCB6A00F8165E /* TodoTableViewCell.swift in Sources */ = {isa = PBXBuildFile; fileRef = EBA53D8A286CCB6A00F8165E /* TodoTableViewCell.swift */; };
		EBB6ADE0287F901200AF29A0 /* UpdateTodoResponse.swift in Sources */ = {isa = PBXBuildFile; fileRef = EBB6ADDF287F901200AF29A0 /* UpdateTodoResponse.swift */; };
		EBB6ADE2287F916B00AF29A0 /* UpdateToRequest.swift in Sources */ = {isa = PBXBuildFile; fileRef = EBB6ADE1287F916B00AF29A0 /* UpdateToRequest.swift */; };
		EBC222E028772D8600E455B7 /* SigninRequest.swift in Sources */ = {isa = PBXBuildFile; fileRef = EBC222DF28772D8600E455B7 /* SigninRequest.swift */; };
		EBC222E228772D9B00E455B7 /* SigninResponse.swift in Sources */ = {isa = PBXBuildFile; fileRef = EBC222E128772D9B00E455B7 /* SigninResponse.swift */; };
		EBC222E42877442C00E455B7 /* IdCheckRequest.swift in Sources */ = {isa = PBXBuildFile; fileRef = EBC222E32877442C00E455B7 /* IdCheckRequest.swift */; };
		EBC222E62877444D00E455B7 /* IdCheckResponse.swift in Sources */ = {isa = PBXBuildFile; fileRef = EBC222E52877444D00E455B7 /* IdCheckResponse.swift */; };
		EBE557312873331800EBA622 /* UIViewController+Extension.swift in Sources */ = {isa = PBXBuildFile; fileRef = EBE557302873331800EBA622 /* UIViewController+Extension.swift */; };
/* End PBXBuildFile section */

/* Begin PBXFileReference section */
		10FF42DE903698D1BFEF0091 /* Pods_TODO.framework */ = {isa = PBXFileReference; explicitFileType = wrapper.framework; includeInIndex = 0; path = Pods_TODO.framework; sourceTree = BUILT_PRODUCTS_DIR; };
		8EC14BFCED2017731202FDEB /* Pods-TODO.debug.xcconfig */ = {isa = PBXFileReference; includeInIndex = 1; lastKnownFileType = text.xcconfig; name = "Pods-TODO.debug.xcconfig"; path = "Target Support Files/Pods-TODO/Pods-TODO.debug.xcconfig"; sourceTree = "<group>"; };
		DCDBC7BB0457998BB7259DD5 /* Pods-TODO.release.xcconfig */ = {isa = PBXFileReference; includeInIndex = 1; lastKnownFileType = text.xcconfig; name = "Pods-TODO.release.xcconfig"; path = "Target Support Files/Pods-TODO/Pods-TODO.release.xcconfig"; sourceTree = "<group>"; };
		EB2E4ECB2865FD6F00DCF02E /* Home.storyboard */ = {isa = PBXFileReference; lastKnownFileType = file.storyboard; path = Home.storyboard; sourceTree = "<group>"; };
		EB2E4ECD2865FEC100DCF02E /* HomeViewController.swift */ = {isa = PBXFileReference; lastKnownFileType = sourcecode.swift; path = HomeViewController.swift; sourceTree = "<group>"; };
		EB2E4ECF2866209B00DCF02E /* AddViewController.swift */ = {isa = PBXFileReference; lastKnownFileType = sourcecode.swift; path = AddViewController.swift; sourceTree = "<group>"; };
		EB4A7B2928649C2200E0DE43 /* SigninViewController.swift */ = {isa = PBXFileReference; lastKnownFileType = sourcecode.swift; path = SigninViewController.swift; sourceTree = "<group>"; };
		EB5468352871C91E0022A99F /* LoginRequest.swift */ = {isa = PBXFileReference; lastKnownFileType = sourcecode.swift; path = LoginRequest.swift; sourceTree = "<group>"; };
		EB5468372871C9360022A99F /* LoginResponse.swift */ = {isa = PBXFileReference; lastKnownFileType = sourcecode.swift; path = LoginResponse.swift; sourceTree = "<group>"; };
		EB87C7B02879CF3100DFC1A2 /* AddTodoRequest.swift */ = {isa = PBXFileReference; lastKnownFileType = sourcecode.swift; path = AddTodoRequest.swift; sourceTree = "<group>"; };
		EB87C7B22879CF4800DFC1A2 /* AddTodoResponse.swift */ = {isa = PBXFileReference; lastKnownFileType = sourcecode.swift; path = AddTodoResponse.swift; sourceTree = "<group>"; };
		EB87C7B42879CF8F00DFC1A2 /* TodoListRequest.swift */ = {isa = PBXFileReference; lastKnownFileType = sourcecode.swift; path = TodoListRequest.swift; sourceTree = "<group>"; };
		EB87C7B62879CFA200DFC1A2 /* TodoListResponse.swift */ = {isa = PBXFileReference; lastKnownFileType = sourcecode.swift; path = TodoListResponse.swift; sourceTree = "<group>"; };
		EB87C7B82879CFC400DFC1A2 /* DeleteTodoRequest.swift */ = {isa = PBXFileReference; lastKnownFileType = sourcecode.swift; path = DeleteTodoRequest.swift; sourceTree = "<group>"; };
		EB87C7BA2879CFD400DFC1A2 /* DeleteTodoResponse.swift */ = {isa = PBXFileReference; lastKnownFileType = sourcecode.swift; path = DeleteTodoResponse.swift; sourceTree = "<group>"; };
		EBA03E192861968D00564472 /* TODO.app */ = {isa = PBXFileReference; explicitFileType = wrapper.application; includeInIndex = 0; path = TODO.app; sourceTree = BUILT_PRODUCTS_DIR; };
		EBA03E1C2861968D00564472 /* AppDelegate.swift */ = {isa = PBXFileReference; lastKnownFileType = sourcecode.swift; path = AppDelegate.swift; sourceTree = "<group>"; };
		EBA03E1E2861968D00564472 /* SceneDelegate.swift */ = {isa = PBXFileReference; lastKnownFileType = sourcecode.swift; path = SceneDelegate.swift; sourceTree = "<group>"; };
		EBA03E202861968D00564472 /* LoginViewController.swift */ = {isa = PBXFileReference; lastKnownFileType = sourcecode.swift; path = LoginViewController.swift; sourceTree = "<group>"; };
		EBA03E232861968D00564472 /* Base */ = {isa = PBXFileReference; lastKnownFileType = file.storyboard; name = Base; path = Base.lproj/Main.storyboard; sourceTree = "<group>"; };
		EBA03E252861969100564472 /* Assets.xcassets */ = {isa = PBXFileReference; lastKnownFileType = folder.assetcatalog; path = Assets.xcassets; sourceTree = "<group>"; };
		EBA03E282861969100564472 /* Base */ = {isa = PBXFileReference; lastKnownFileType = file.storyboard; name = Base; path = Base.lproj/LaunchScreen.storyboard; sourceTree = "<group>"; };
		EBA03E2A2861969100564472 /* Info.plist */ = {isa = PBXFileReference; lastKnownFileType = text.plist.xml; path = Info.plist; sourceTree = "<group>"; };
		EBA03E332861ADE900564472 /* roboto */ = {isa = PBXFileReference; lastKnownFileType = folder; name = roboto; path = ../../../roboto; sourceTree = "<group>"; };
		EBA1BA712868894E008A4927 /* DetailViewController.swift */ = {isa = PBXFileReference; lastKnownFileType = sourcecode.swift; path = DetailViewController.swift; sourceTree = "<group>"; };
		EBA53D88286CB2F700F8165E /* TodoTableViewCell.xib */ = {isa = PBXFileReference; lastKnownFileType = file.xib; path = TodoTableViewCell.xib; sourceTree = "<group>"; };
		EBA53D8A286CCB6A00F8165E /* TodoTableViewCell.swift */ = {isa = PBXFileReference; lastKnownFileType = sourcecode.swift; path = TodoTableViewCell.swift; sourceTree = "<group>"; };
		EBB6ADDF287F901200AF29A0 /* UpdateTodoResponse.swift */ = {isa = PBXFileReference; lastKnownFileType = sourcecode.swift; path = UpdateTodoResponse.swift; sourceTree = "<group>"; };
		EBB6ADE1287F916B00AF29A0 /* UpdateToRequest.swift */ = {isa = PBXFileReference; lastKnownFileType = sourcecode.swift; path = UpdateToRequest.swift; sourceTree = "<group>"; };
		EBC222DF28772D8600E455B7 /* SigninRequest.swift */ = {isa = PBXFileReference; lastKnownFileType = sourcecode.swift; path = SigninRequest.swift; sourceTree = "<group>"; };
		EBC222E128772D9B00E455B7 /* SigninResponse.swift */ = {isa = PBXFileReference; lastKnownFileType = sourcecode.swift; path = SigninResponse.swift; sourceTree = "<group>"; };
		EBC222E32877442C00E455B7 /* IdCheckRequest.swift */ = {isa = PBXFileReference; lastKnownFileType = sourcecode.swift; path = IdCheckRequest.swift; sourceTree = "<group>"; };
		EBC222E52877444D00E455B7 /* IdCheckResponse.swift */ = {isa = PBXFileReference; lastKnownFileType = sourcecode.swift; path = IdCheckResponse.swift; sourceTree = "<group>"; };
		EBE557302873331800EBA622 /* UIViewController+Extension.swift */ = {isa = PBXFileReference; lastKnownFileType = sourcecode.swift; path = "UIViewController+Extension.swift"; sourceTree = "<group>"; };
/* End PBXFileReference section */

/* Begin PBXFrameworksBuildPhase section */
		EBA03E162861968D00564472 /* Frameworks */ = {
			isa = PBXFrameworksBuildPhase;
			buildActionMask = 2147483647;
			files = (
				666AD443C8C9BF124518E9CF /* Pods_TODO.framework in Frameworks */,
			);
			runOnlyForDeploymentPostprocessing = 0;
		};
/* End PBXFrameworksBuildPhase section */

/* Begin PBXGroup section */
		059D1A87BFC5AFC8AC40888B /* Pods */ = {
			isa = PBXGroup;
			children = (
				8EC14BFCED2017731202FDEB /* Pods-TODO.debug.xcconfig */,
				DCDBC7BB0457998BB7259DD5 /* Pods-TODO.release.xcconfig */,
			);
			path = Pods;
			sourceTree = "<group>";
		};
		404B812B15BF3B4634976739 /* Frameworks */ = {
			isa = PBXGroup;
			children = (
				10FF42DE903698D1BFEF0091 /* Pods_TODO.framework */,
			);
			name = Frameworks;
			sourceTree = "<group>";
		};
		EBA03E102861968D00564472 = {
			isa = PBXGroup;
			children = (
				EBA03E1B2861968D00564472 /* TODO */,
				EBA03E1A2861968D00564472 /* Products */,
				059D1A87BFC5AFC8AC40888B /* Pods */,
				404B812B15BF3B4634976739 /* Frameworks */,
			);
			sourceTree = "<group>";
		};
		EBA03E1A2861968D00564472 /* Products */ = {
			isa = PBXGroup;
			children = (
				EBA03E192861968D00564472 /* TODO.app */,
			);
			name = Products;
			sourceTree = "<group>";
		};
		EBA03E1B2861968D00564472 /* TODO */ = {
			isa = PBXGroup;
			children = (
				EBA03E322861975800564472 /* Controller */,
				EBA03E312861975100564472 /* Model */,
				EBA03E302861974400564472 /* View */,
				EBA03E1C2861968D00564472 /* AppDelegate.swift */,
				EBA03E1E2861968D00564472 /* SceneDelegate.swift */,
				EBA03E252861969100564472 /* Assets.xcassets */,
				EBA03E2A2861969100564472 /* Info.plist */,
				EBA03E332861ADE900564472 /* roboto */,
				EBE557302873331800EBA622 /* UIViewController+Extension.swift */,
			);
			path = TODO;
			sourceTree = "<group>";
		};
		EBA03E302861974400564472 /* View */ = {
			isa = PBXGroup;
			children = (
				EBA03E272861969100564472 /* LaunchScreen.storyboard */,
				EBA03E222861968D00564472 /* Main.storyboard */,
				EB2E4ECB2865FD6F00DCF02E /* Home.storyboard */,
				EBA53D88286CB2F700F8165E /* TodoTableViewCell.xib */,
			);
			path = View;
			sourceTree = "<group>";
		};
		EBA03E312861975100564472 /* Model */ = {
			isa = PBXGroup;
			children = (
				EB5468352871C91E0022A99F /* LoginRequest.swift */,
				EB5468372871C9360022A99F /* LoginResponse.swift */,
				EBC222DF28772D8600E455B7 /* SigninRequest.swift */,
				EBC222E128772D9B00E455B7 /* SigninResponse.swift */,
				EBC222E32877442C00E455B7 /* IdCheckRequest.swift */,
				EBC222E52877444D00E455B7 /* IdCheckResponse.swift */,
				EB87C7B02879CF3100DFC1A2 /* AddTodoRequest.swift */,
				EB87C7B22879CF4800DFC1A2 /* AddTodoResponse.swift */,
				EB87C7B42879CF8F00DFC1A2 /* TodoListRequest.swift */,
				EB87C7B62879CFA200DFC1A2 /* TodoListResponse.swift */,
				EB87C7B82879CFC400DFC1A2 /* DeleteTodoRequest.swift */,
				EB87C7BA2879CFD400DFC1A2 /* DeleteTodoResponse.swift */,
				EBB6ADDF287F901200AF29A0 /* UpdateTodoResponse.swift */,
				EBB6ADE1287F916B00AF29A0 /* UpdateToRequest.swift */,
			);
			path = Model;
			sourceTree = "<group>";
		};
		EBA03E322861975800564472 /* Controller */ = {
			isa = PBXGroup;
			children = (
				EBA03E202861968D00564472 /* LoginViewController.swift */,
				EB4A7B2928649C2200E0DE43 /* SigninViewController.swift */,
				EB2E4ECD2865FEC100DCF02E /* HomeViewController.swift */,
				EB2E4ECF2866209B00DCF02E /* AddViewController.swift */,
				EBA1BA712868894E008A4927 /* DetailViewController.swift */,
				EBA53D8A286CCB6A00F8165E /* TodoTableViewCell.swift */,
			);
			path = Controller;
			sourceTree = "<group>";
		};
/* End PBXGroup section */

/* Begin PBXNativeTarget section */
		EBA03E182861968D00564472 /* TODO */ = {
			isa = PBXNativeTarget;
			buildConfigurationList = EBA03E2D2861969100564472 /* Build configuration list for PBXNativeTarget "TODO" */;
			buildPhases = (
				45FA6E40D75C5A14A45A283A /* [CP] Check Pods Manifest.lock */,
				EBA03E152861968D00564472 /* Sources */,
				EBA03E162861968D00564472 /* Frameworks */,
				EBA03E172861968D00564472 /* Resources */,
				8C044CD9E4A4A0007C468292 /* [CP] Embed Pods Frameworks */,
			);
			buildRules = (
			);
			dependencies = (
			);
			name = TODO;
			productName = TODO;
			productReference = EBA03E192861968D00564472 /* TODO.app */;
			productType = "com.apple.product-type.application";
		};
/* End PBXNativeTarget section */

/* Begin PBXProject section */
		EBA03E112861968D00564472 /* Project object */ = {
			isa = PBXProject;
			attributes = {
				BuildIndependentTargetsInParallel = 1;
				LastSwiftUpdateCheck = 1340;
				LastUpgradeCheck = 1340;
				TargetAttributes = {
					EBA03E182861968D00564472 = {
						CreatedOnToolsVersion = 13.4.1;
					};
				};
			};
			buildConfigurationList = EBA03E142861968D00564472 /* Build configuration list for PBXProject "TODO" */;
			compatibilityVersion = "Xcode 13.0";
			developmentRegion = en;
			hasScannedForEncodings = 0;
			knownRegions = (
				en,
				Base,
			);
			mainGroup = EBA03E102861968D00564472;
			productRefGroup = EBA03E1A2861968D00564472 /* Products */;
			projectDirPath = "";
			projectRoot = "";
			targets = (
				EBA03E182861968D00564472 /* TODO */,
			);
		};
/* End PBXProject section */

/* Begin PBXResourcesBuildPhase section */
		EBA03E172861968D00564472 /* Resources */ = {
			isa = PBXResourcesBuildPhase;
			buildActionMask = 2147483647;
			files = (
				EBA03E292861969100564472 /* LaunchScreen.storyboard in Resources */,
				EBA53D89286CB2F700F8165E /* TodoTableViewCell.xib in Resources */,
				EBA03E262861969100564472 /* Assets.xcassets in Resources */,
				EBA03E242861968D00564472 /* Main.storyboard in Resources */,
				EBA03E342861ADE900564472 /* roboto in Resources */,
				EB2E4ECC2865FD6F00DCF02E /* Home.storyboard in Resources */,
			);
			runOnlyForDeploymentPostprocessing = 0;
		};
/* End PBXResourcesBuildPhase section */

/* Begin PBXShellScriptBuildPhase section */
		45FA6E40D75C5A14A45A283A /* [CP] Check Pods Manifest.lock */ = {
			isa = PBXShellScriptBuildPhase;
			buildActionMask = 2147483647;
			files = (
			);
			inputFileListPaths = (
			);
			inputPaths = (
				"${PODS_PODFILE_DIR_PATH}/Podfile.lock",
				"${PODS_ROOT}/Manifest.lock",
			);
			name = "[CP] Check Pods Manifest.lock";
			outputFileListPaths = (
			);
			outputPaths = (
				"$(DERIVED_FILE_DIR)/Pods-TODO-checkManifestLockResult.txt",
			);
			runOnlyForDeploymentPostprocessing = 0;
			shellPath = /bin/sh;
			shellScript = "diff \"${PODS_PODFILE_DIR_PATH}/Podfile.lock\" \"${PODS_ROOT}/Manifest.lock\" > /dev/null\nif [ $? != 0 ] ; then\n    # print error to STDERR\n    echo \"error: The sandbox is not in sync with the Podfile.lock. Run 'pod install' or update your CocoaPods installation.\" >&2\n    exit 1\nfi\n# This output is used by Xcode 'outputs' to avoid re-running this script phase.\necho \"SUCCESS\" > \"${SCRIPT_OUTPUT_FILE_0}\"\n";
			showEnvVarsInLog = 0;
		};
		8C044CD9E4A4A0007C468292 /* [CP] Embed Pods Frameworks */ = {
			isa = PBXShellScriptBuildPhase;
			buildActionMask = 2147483647;
			files = (
			);
			inputFileListPaths = (
				"${PODS_ROOT}/Target Support Files/Pods-TODO/Pods-TODO-frameworks-${CONFIGURATION}-input-files.xcfilelist",
			);
			name = "[CP] Embed Pods Frameworks";
			outputFileListPaths = (
				"${PODS_ROOT}/Target Support Files/Pods-TODO/Pods-TODO-frameworks-${CONFIGURATION}-output-files.xcfilelist",
			);
			runOnlyForDeploymentPostprocessing = 0;
			shellPath = /bin/sh;
			shellScript = "\"${PODS_ROOT}/Target Support Files/Pods-TODO/Pods-TODO-frameworks.sh\"\n";
			showEnvVarsInLog = 0;
		};
/* End PBXShellScriptBuildPhase section */

/* Begin PBXSourcesBuildPhase section */
		EBA03E152861968D00564472 /* Sources */ = {
			isa = PBXSourcesBuildPhase;
			buildActionMask = 2147483647;
			files = (
				EB5468362871C91E0022A99F /* LoginRequest.swift in Sources */,
				EBE557312873331800EBA622 /* UIViewController+Extension.swift in Sources */,
				EB2E4ECE2865FEC100DCF02E /* HomeViewController.swift in Sources */,
				EBB6ADE2287F916B00AF29A0 /* UpdateToRequest.swift in Sources */,
				EBC222E028772D8600E455B7 /* SigninRequest.swift in Sources */,
				EB87C7B92879CFC400DFC1A2 /* DeleteTodoRequest.swift in Sources */,
				EBA1BA722868894E008A4927 /* DetailViewController.swift in Sources */,
				EBC222E42877442C00E455B7 /* IdCheckRequest.swift in Sources */,
				EBB6ADE0287F901200AF29A0 /* UpdateTodoResponse.swift in Sources */,
				EB4A7B2A28649C2200E0DE43 /* SigninViewController.swift in Sources */,
				EB87C7B12879CF3200DFC1A2 /* AddTodoRequest.swift in Sources */,
				EBC222E62877444D00E455B7 /* IdCheckResponse.swift in Sources */,
				EB5468382871C9360022A99F /* LoginResponse.swift in Sources */,
				EBA53D8B286CCB6A00F8165E /* TodoTableViewCell.swift in Sources */,
				EB2E4ED02866209B00DCF02E /* AddViewController.swift in Sources */,
				EB87C7B72879CFA200DFC1A2 /* TodoListResponse.swift in Sources */,
				EBA03E212861968D00564472 /* LoginViewController.swift in Sources */,
				EB87C7BB2879CFD400DFC1A2 /* DeleteTodoResponse.swift in Sources */,
				EBC222E228772D9B00E455B7 /* SigninResponse.swift in Sources */,
				EBA03E1D2861968D00564472 /* AppDelegate.swift in Sources */,
				EB87C7B52879CF8F00DFC1A2 /* TodoListRequest.swift in Sources */,
				EBA03E1F2861968D00564472 /* SceneDelegate.swift in Sources */,
				EB87C7B32879CF4800DFC1A2 /* AddTodoResponse.swift in Sources */,
			);
			runOnlyForDeploymentPostprocessing = 0;
		};
/* End PBXSourcesBuildPhase section */

/* Begin PBXVariantGroup section */
		EBA03E222861968D00564472 /* Main.storyboard */ = {
			isa = PBXVariantGroup;
			children = (
				EBA03E232861968D00564472 /* Base */,
			);
			name = Main.storyboard;
			sourceTree = "<group>";
		};
		EBA03E272861969100564472 /* LaunchScreen.storyboard */ = {
			isa = PBXVariantGroup;
			children = (
				EBA03E282861969100564472 /* Base */,
			);
			name = LaunchScreen.storyboard;
			sourceTree = "<group>";
		};
/* End PBXVariantGroup section */

/* Begin XCBuildConfiguration section */
		EBA03E2B2861969100564472 /* Debug */ = {
			isa = XCBuildConfiguration;
			buildSettings = {
				ALWAYS_SEARCH_USER_PATHS = NO;
				CLANG_ANALYZER_NONNULL = YES;
				CLANG_ANALYZER_NUMBER_OBJECT_CONVERSION = YES_AGGRESSIVE;
				CLANG_CXX_LANGUAGE_STANDARD = "gnu++17";
				CLANG_ENABLE_MODULES = YES;
				CLANG_ENABLE_OBJC_ARC = YES;
				CLANG_ENABLE_OBJC_WEAK = YES;
				CLANG_WARN_BLOCK_CAPTURE_AUTORELEASING = YES;
				CLANG_WARN_BOOL_CONVERSION = YES;
				CLANG_WARN_COMMA = YES;
				CLANG_WARN_CONSTANT_CONVERSION = YES;
				CLANG_WARN_DEPRECATED_OBJC_IMPLEMENTATIONS = YES;
				CLANG_WARN_DIRECT_OBJC_ISA_USAGE = YES_ERROR;
				CLANG_WARN_DOCUMENTATION_COMMENTS = YES;
				CLANG_WARN_EMPTY_BODY = YES;
				CLANG_WARN_ENUM_CONVERSION = YES;
				CLANG_WARN_INFINITE_RECURSION = YES;
				CLANG_WARN_INT_CONVERSION = YES;
				CLANG_WARN_NON_LITERAL_NULL_CONVERSION = YES;
				CLANG_WARN_OBJC_IMPLICIT_RETAIN_SELF = YES;
				CLANG_WARN_OBJC_LITERAL_CONVERSION = YES;
				CLANG_WARN_OBJC_ROOT_CLASS = YES_ERROR;
				CLANG_WARN_QUOTED_INCLUDE_IN_FRAMEWORK_HEADER = YES;
				CLANG_WARN_RANGE_LOOP_ANALYSIS = YES;
				CLANG_WARN_STRICT_PROTOTYPES = YES;
				CLANG_WARN_SUSPICIOUS_MOVE = YES;
				CLANG_WARN_UNGUARDED_AVAILABILITY = YES_AGGRESSIVE;
				CLANG_WARN_UNREACHABLE_CODE = YES;
				CLANG_WARN__DUPLICATE_METHOD_MATCH = YES;
				COPY_PHASE_STRIP = NO;
				DEBUG_INFORMATION_FORMAT = dwarf;
				ENABLE_STRICT_OBJC_MSGSEND = YES;
				ENABLE_TESTABILITY = YES;
				GCC_C_LANGUAGE_STANDARD = gnu11;
				GCC_DYNAMIC_NO_PIC = NO;
				GCC_NO_COMMON_BLOCKS = YES;
				GCC_OPTIMIZATION_LEVEL = 0;
				GCC_PREPROCESSOR_DEFINITIONS = (
					"DEBUG=1",
					"$(inherited)",
				);
				GCC_WARN_64_TO_32_BIT_CONVERSION = YES;
				GCC_WARN_ABOUT_RETURN_TYPE = YES_ERROR;
				GCC_WARN_UNDECLARED_SELECTOR = YES;
				GCC_WARN_UNINITIALIZED_AUTOS = YES_AGGRESSIVE;
				GCC_WARN_UNUSED_FUNCTION = YES;
				GCC_WARN_UNUSED_VARIABLE = YES;
				IPHONEOS_DEPLOYMENT_TARGET = 15.5;
				MTL_ENABLE_DEBUG_INFO = INCLUDE_SOURCE;
				MTL_FAST_MATH = YES;
				ONLY_ACTIVE_ARCH = YES;
				SDKROOT = iphoneos;
				SWIFT_ACTIVE_COMPILATION_CONDITIONS = DEBUG;
				SWIFT_OPTIMIZATION_LEVEL = "-Onone";
			};
			name = Debug;
		};
		EBA03E2C2861969100564472 /* Release */ = {
			isa = XCBuildConfiguration;
			buildSettings = {
				ALWAYS_SEARCH_USER_PATHS = NO;
				CLANG_ANALYZER_NONNULL = YES;
				CLANG_ANALYZER_NUMBER_OBJECT_CONVERSION = YES_AGGRESSIVE;
				CLANG_CXX_LANGUAGE_STANDARD = "gnu++17";
				CLANG_ENABLE_MODULES = YES;
				CLANG_ENABLE_OBJC_ARC = YES;
				CLANG_ENABLE_OBJC_WEAK = YES;
				CLANG_WARN_BLOCK_CAPTURE_AUTORELEASING = YES;
				CLANG_WARN_BOOL_CONVERSION = YES;
				CLANG_WARN_COMMA = YES;
				CLANG_WARN_CONSTANT_CONVERSION = YES;
				CLANG_WARN_DEPRECATED_OBJC_IMPLEMENTATIONS = YES;
				CLANG_WARN_DIRECT_OBJC_ISA_USAGE = YES_ERROR;
				CLANG_WARN_DOCUMENTATION_COMMENTS = YES;
				CLANG_WARN_EMPTY_BODY = YES;
				CLANG_WARN_ENUM_CONVERSION = YES;
				CLANG_WARN_INFINITE_RECURSION = YES;
				CLANG_WARN_INT_CONVERSION = YES;
				CLANG_WARN_NON_LITERAL_NULL_CONVERSION = YES;
				CLANG_WARN_OBJC_IMPLICIT_RETAIN_SELF = YES;
				CLANG_WARN_OBJC_LITERAL_CONVERSION = YES;
				CLANG_WARN_OBJC_ROOT_CLASS = YES_ERROR;
				CLANG_WARN_QUOTED_INCLUDE_IN_FRAMEWORK_HEADER = YES;
				CLANG_WARN_RANGE_LOOP_ANALYSIS = YES;
				CLANG_WARN_STRICT_PROTOTYPES = YES;
				CLANG_WARN_SUSPICIOUS_MOVE = YES;
				CLANG_WARN_UNGUARDED_AVAILABILITY = YES_AGGRESSIVE;
				CLANG_WARN_UNREACHABLE_CODE = YES;
				CLANG_WARN__DUPLICATE_METHOD_MATCH = YES;
				COPY_PHASE_STRIP = NO;
				DEBUG_INFORMATION_FORMAT = "dwarf-with-dsym";
				ENABLE_NS_ASSERTIONS = NO;
				ENABLE_STRICT_OBJC_MSGSEND = YES;
				GCC_C_LANGUAGE_STANDARD = gnu11;
				GCC_NO_COMMON_BLOCKS = YES;
				GCC_WARN_64_TO_32_BIT_CONVERSION = YES;
				GCC_WARN_ABOUT_RETURN_TYPE = YES_ERROR;
				GCC_WARN_UNDECLARED_SELECTOR = YES;
				GCC_WARN_UNINITIALIZED_AUTOS = YES_AGGRESSIVE;
				GCC_WARN_UNUSED_FUNCTION = YES;
				GCC_WARN_UNUSED_VARIABLE = YES;
				IPHONEOS_DEPLOYMENT_TARGET = 15.5;
				MTL_ENABLE_DEBUG_INFO = NO;
				MTL_FAST_MATH = YES;
				SDKROOT = iphoneos;
				SWIFT_COMPILATION_MODE = wholemodule;
				SWIFT_OPTIMIZATION_LEVEL = "-O";
				VALIDATE_PRODUCT = YES;
			};
			name = Release;
		};
		EBA03E2E2861969100564472 /* Debug */ = {
			isa = XCBuildConfiguration;
			baseConfigurationReference = 8EC14BFCED2017731202FDEB /* Pods-TODO.debug.xcconfig */;
			buildSettings = {
				ASSETCATALOG_COMPILER_APPICON_NAME = AppIcon;
				ASSETCATALOG_COMPILER_GLOBAL_ACCENT_COLOR_NAME = AccentColor;
				CODE_SIGN_STYLE = Automatic;
				CURRENT_PROJECT_VERSION = 1;
				DEVELOPMENT_TEAM = VKGAQDGK5R;
				GENERATE_INFOPLIST_FILE = YES;
				INFOPLIST_FILE = TODO/Info.plist;
				INFOPLIST_KEY_UIApplicationSupportsIndirectInputEvents = YES;
				INFOPLIST_KEY_UILaunchStoryboardName = LaunchScreen;
				INFOPLIST_KEY_UIMainStoryboardFile = Main;
				INFOPLIST_KEY_UISupportedInterfaceOrientations_iPad = "UIInterfaceOrientationPortrait UIInterfaceOrientationPortraitUpsideDown UIInterfaceOrientationLandscapeLeft UIInterfaceOrientationLandscapeRight";
				INFOPLIST_KEY_UISupportedInterfaceOrientations_iPhone = "UIInterfaceOrientationPortrait UIInterfaceOrientationLandscapeLeft UIInterfaceOrientationLandscapeRight";
				LD_RUNPATH_SEARCH_PATHS = (
					"$(inherited)",
					"@executable_path/Frameworks",
				);
				MARKETING_VERSION = 1.0;
				PRODUCT_BUNDLE_IDENTIFIER = com.Dong.TODO;
				PRODUCT_NAME = "$(TARGET_NAME)";
				SWIFT_EMIT_LOC_STRINGS = YES;
				SWIFT_VERSION = 5.0;
				TARGETED_DEVICE_FAMILY = "1,2";
			};
			name = Debug;
		};
		EBA03E2F2861969100564472 /* Release */ = {
			isa = XCBuildConfiguration;
			baseConfigurationReference = DCDBC7BB0457998BB7259DD5 /* Pods-TODO.release.xcconfig */;
			buildSettings = {
				ASSETCATALOG_COMPILER_APPICON_NAME = AppIcon;
				ASSETCATALOG_COMPILER_GLOBAL_ACCENT_COLOR_NAME = AccentColor;
				CODE_SIGN_STYLE = Automatic;
				CURRENT_PROJECT_VERSION = 1;
				DEVELOPMENT_TEAM = VKGAQDGK5R;
				GENERATE_INFOPLIST_FILE = YES;
				INFOPLIST_FILE = TODO/Info.plist;
				INFOPLIST_KEY_UIApplicationSupportsIndirectInputEvents = YES;
				INFOPLIST_KEY_UILaunchStoryboardName = LaunchScreen;
				INFOPLIST_KEY_UIMainStoryboardFile = Main;
				INFOPLIST_KEY_UISupportedInterfaceOrientations_iPad = "UIInterfaceOrientationPortrait UIInterfaceOrientationPortraitUpsideDown UIInterfaceOrientationLandscapeLeft UIInterfaceOrientationLandscapeRight";
				INFOPLIST_KEY_UISupportedInterfaceOrientations_iPhone = "UIInterfaceOrientationPortrait UIInterfaceOrientationLandscapeLeft UIInterfaceOrientationLandscapeRight";
				LD_RUNPATH_SEARCH_PATHS = (
					"$(inherited)",
					"@executable_path/Frameworks",
				);
				MARKETING_VERSION = 1.0;
				PRODUCT_BUNDLE_IDENTIFIER = com.Dong.TODO;
				PRODUCT_NAME = "$(TARGET_NAME)";
				SWIFT_EMIT_LOC_STRINGS = YES;
				SWIFT_VERSION = 5.0;
				TARGETED_DEVICE_FAMILY = "1,2";
			};
			name = Release;
		};
/* End XCBuildConfiguration section */

/* Begin XCConfigurationList section */
		EBA03E142861968D00564472 /* Build configuration list for PBXProject "TODO" */ = {
			isa = XCConfigurationList;
			buildConfigurations = (
				EBA03E2B2861969100564472 /* Debug */,
				EBA03E2C2861969100564472 /* Release */,
			);
			defaultConfigurationIsVisible = 0;
			defaultConfigurationName = Release;
		};
		EBA03E2D2861969100564472 /* Build configuration list for PBXNativeTarget "TODO" */ = {
			isa = XCConfigurationList;
			buildConfigurations = (
				EBA03E2E2861969100564472 /* Debug */,
				EBA03E2F2861969100564472 /* Release */,
			);
			defaultConfigurationIsVisible = 0;
			defaultConfigurationName = Release;
		};
/* End XCConfigurationList section */
	};
	rootObject = EBA03E112861968D00564472 /* Project object */;
}
